{
  "name": "bftolua",
  "version": "1.0.0",
  "lockfileVersion": 1,
  "requires": true,
  "dependencies": {
    "fs": {
      "version": "0.0.1-security",
      "resolved": "https://registry.npmjs.org/fs/-/fs-0.0.1-security.tgz",
      "integrity": "sha1-invTcYa23d84E/I4WLV+yq9eQdQ="
    },
    "lua-in-js": {
      "version": "2.2.0",
      "resolved": "https://registry.npmjs.org/lua-in-js/-/lua-in-js-2.2.0.tgz",
      "integrity": "sha512-5+1EvhYy267aDeNnZY6nah6zumHfdNGU32a08A9A1/xiWPNorhPpSf6qUO4RUJmcRzm/qPU5iGu49SVFW+ym6A==",
      "requires": {
        "luaparse": "^0.2.1",
        "printj": "^1.2.2"
      }
    },
    "luaparse": {
      "version": "0.2.1",
      "resolved": "https://registry.npmjs.org/luaparse/-/luaparse-0.2.1.tgz",
      "integrity": "sha1-qo9WEysN6X0388mRqd9C4OF/ZWw="
    },
    "printj": {
      "version": "1.2.2",
      "resolved": "https://registry.npmjs.org/printj/-/printj-1.2.2.tgz",
      "integrity": "sha512-dx9nIry0Z12s5oebhenDCFQjj/IMVotLMbvFP6OJ+C3v+EV30mtYoj6QtaulFo+DbWCbpEeaqcLYMh6CRuVjsA=="
    }
  }
}
